// !$*UTF8*$!
{
	archiveVersion = 1;
	classes = {
	};
	objectVersion = 52;
	objects = {

/* Begin PBXBuildFile section */
		9F600FB72338136A00228C2A /* complex in Frameworks */ = {isa = PBXBuildFile; productRef = 9F600FB62338136A00228C2A /* complex */; };
		9F77015923359B46009F3481 /* finalgen.swift in Sources */ = {isa = PBXBuildFile; fileRef = 9F77015823359B46009F3481 /* finalgen.swift */; };
		9F9F91552331C77400F8F5EB /* UI.swift in Sources */ = {isa = PBXBuildFile; fileRef = 9F9F91542331C77400F8F5EB /* UI.swift */; };
		9FAD1C4A2205F9BD0059028E /* main.swift in Sources */ = {isa = PBXBuildFile; fileRef = 9FAD1C492205F9BD0059028E /* main.swift */; };
		9FAD1C5122061BF50059028E /* hexconvert.swift in Sources */ = {isa = PBXBuildFile; fileRef = 9FAD1C5022061BF50059028E /* hexconvert.swift */; };
		9FAD1C5322061C620059028E /* filewrite.swift in Sources */ = {isa = PBXBuildFile; fileRef = 9FAD1C5222061C620059028E /* filewrite.swift */; };
		9FAD1C5522061C7F0059028E /* root.swift in Sources */ = {isa = PBXBuildFile; fileRef = 9FAD1C5422061C7F0059028E /* root.swift */; };
		9FAD1C5722061CBC0059028E /* bitmapcodegen.swift in Sources */ = {isa = PBXBuildFile; fileRef = 9FAD1C5622061CBC0059028E /* bitmapcodegen.swift */; };
		9FF2635422076224004EA890 /* hueconvert.swift in Sources */ = {isa = PBXBuildFile; fileRef = 9FF2635322076224004EA890 /* hueconvert.swift */; };
/* End PBXBuildFile section */

/* Begin PBXCopyFilesBuildPhase section */
		9FAD1C442205F9BC0059028E /* CopyFiles */ = {
			isa = PBXCopyFilesBuildPhase;
			buildActionMask = 2147483647;
			dstPath = /usr/share/man/man1/;
			dstSubfolderSpec = 0;
			files = (
			);
			runOnlyForDeploymentPostprocessing = 1;
		};
/* End PBXCopyFilesBuildPhase section */

/* Begin PBXFileReference section */
		9F5F714A22D6ACAD00F9E471 /* README.md */ = {isa = PBXFileReference; lastKnownFileType = net.daringfireball.markdown; path = README.md; sourceTree = "<group>"; };
		9F77015823359B46009F3481 /* finalgen.swift */ = {isa = PBXFileReference; lastKnownFileType = sourcecode.swift; path = finalgen.swift; sourceTree = "<group>"; };
		9F9F91542331C77400F8F5EB /* UI.swift */ = {isa = PBXFileReference; lastKnownFileType = sourcecode.swift; path = UI.swift; sourceTree = "<group>"; };
		9FAD1C462205F9BC0059028E /* mandelbrot render */ = {isa = PBXFileReference; explicitFileType = "compiled.mach-o.executable"; includeInIndex = 0; path = "mandelbrot render"; sourceTree = BUILT_PRODUCTS_DIR; };
		9FAD1C492205F9BD0059028E /* main.swift */ = {isa = PBXFileReference; lastKnownFileType = sourcecode.swift; path = main.swift; sourceTree = "<group>"; };
		9FAD1C5022061BF50059028E /* hexconvert.swift */ = {isa = PBXFileReference; lastKnownFileType = sourcecode.swift; path = hexconvert.swift; sourceTree = "<group>"; };
		9FAD1C5222061C620059028E /* filewrite.swift */ = {isa = PBXFileReference; lastKnownFileType = sourcecode.swift; path = filewrite.swift; sourceTree = "<group>"; };
		9FAD1C5422061C7F0059028E /* root.swift */ = {isa = PBXFileReference; lastKnownFileType = sourcecode.swift; path = root.swift; sourceTree = "<group>"; };
		9FAD1C5622061CBC0059028E /* bitmapcodegen.swift */ = {isa = PBXFileReference; lastKnownFileType = sourcecode.swift; path = bitmapcodegen.swift; sourceTree = "<group>"; };
		9FF2635322076224004EA890 /* hueconvert.swift */ = {isa = PBXFileReference; lastKnownFileType = sourcecode.swift; path = hueconvert.swift; sourceTree = "<group>"; };
/* End PBXFileReference section */

/* Begin PBXFrameworksBuildPhase section */
		9FAD1C432205F9BC0059028E /* Frameworks */ = {
			isa = PBXFrameworksBuildPhase;
			buildActionMask = 2147483647;
			files = (
				9F600FB72338136A00228C2A /* complex in Frameworks */,
			);
			runOnlyForDeploymentPostprocessing = 0;
		};
/* End PBXFrameworksBuildPhase section */

/* Begin PBXGroup section */
		9FAD1C3D2205F9BC0059028E = {
			isa = PBXGroup;
			children = (
				9FAD1C482205F9BC0059028E /* mandelbrot render */,
				9FAD1C472205F9BC0059028E /* Products */,
			);
			sourceTree = "<group>";
		};
		9FAD1C472205F9BC0059028E /* Products */ = {
			isa = PBXGroup;
			children = (
				9FAD1C462205F9BC0059028E /* mandelbrot render */,
			);
			name = Products;
			sourceTree = "<group>";
		};
		9FAD1C482205F9BC0059028E /* mandelbrot render */ = {
			isa = PBXGroup;
			children = (
				9FAD1C492205F9BD0059028E /* main.swift */,
				9F77015823359B46009F3481 /* finalgen.swift */,
				9F9F91542331C77400F8F5EB /* UI.swift */,
				9F5F714A22D6ACAD00F9E471 /* README.md */,
				9FAD1C5622061CBC0059028E /* bitmapcodegen.swift */,
				9FAD1C5422061C7F0059028E /* root.swift */,
				9FAD1C5022061BF50059028E /* hexconvert.swift */,
				9FF2635322076224004EA890 /* hueconvert.swift */,
				9FAD1C5222061C620059028E /* filewrite.swift */,
			);
			path = "mandelbrot render";
			sourceTree = "<group>";
		};
/* End PBXGroup section */

/* Begin PBXNativeTarget section */
		9FAD1C452205F9BC0059028E /* mandelbrot render */ = {
			isa = PBXNativeTarget;
			buildConfigurationList = 9FAD1C4D2205F9BD0059028E /* Build configuration list for PBXNativeTarget "mandelbrot render" */;
			buildPhases = (
				9FAD1C422205F9BC0059028E /* Sources */,
				9FAD1C432205F9BC0059028E /* Frameworks */,
				9FAD1C442205F9BC0059028E /* CopyFiles */,
			);
			buildRules = (
			);
			dependencies = (
			);
			name = "mandelbrot render";
			packageProductDependencies = (
				9F600FB62338136A00228C2A /* complex */,
			);
			productName = "mandelbrot render";
			productReference = 9FAD1C462205F9BC0059028E /* mandelbrot render */;
			productType = "com.apple.product-type.tool";
		};
/* End PBXNativeTarget section */

/* Begin PBXProject section */
		9FAD1C3E2205F9BC0059028E /* Project object */ = {
			isa = PBXProject;
			attributes = {
				LastSwiftUpdateCheck = 1010;
				LastUpgradeCheck = 1010;
				ORGANIZATIONNAME = thegail;
				TargetAttributes = {
					9FAD1C452205F9BC0059028E = {
						CreatedOnToolsVersion = 10.1;
					};
				};
			};
			buildConfigurationList = 9FAD1C412205F9BC0059028E /* Build configuration list for PBXProject "mandelbrot render" */;
			compatibilityVersion = "Xcode 9.3";
			developmentRegion = en;
			hasScannedForEncodings = 0;
			knownRegions = (
				en,
			);
			mainGroup = 9FAD1C3D2205F9BC0059028E;
			packageReferences = (
				9F600FB52338136A00228C2A /* XCRemoteSwiftPackageReference "complex" */,
			);
			productRefGroup = 9FAD1C472205F9BC0059028E /* Products */;
			projectDirPath = "";
			projectRoot = "";
			targets = (
				9FAD1C452205F9BC0059028E /* mandelbrot render */,
			);
		};
/* End PBXProject section */

/* Begin PBXSourcesBuildPhase section */
		9FAD1C422205F9BC0059028E /* Sources */ = {
			isa = PBXSourcesBuildPhase;
			buildActionMask = 2147483647;
			files = (
				9FF2635422076224004EA890 /* hueconvert.swift in Sources */,
				9F9F91552331C77400F8F5EB /* UI.swift in Sources */,
				9FAD1C5322061C620059028E /* filewrite.swift in Sources */,
				9FAD1C5522061C7F0059028E /* root.swift in Sources */,
				9FAD1C4A2205F9BD0059028E /* main.swift in Sources */,
				9F77015923359B46009F3481 /* finalgen.swift in Sources */,
				9FAD1C5122061BF50059028E /* hexconvert.swift in Sources */,
				9FAD1C5722061CBC0059028E /* bitmapcodegen.swift in Sources */,
			);
			runOnlyForDeploymentPostprocessing = 0;
		};
/* End PBXSourcesBuildPhase section */

/* Begin XCBuildConfiguration section */
		9FAD1C4B2205F9BD0059028E /* Debug */ = {
			isa = XCBuildConfiguration;
			buildSettings = {
				ALWAYS_SEARCH_USER_PATHS = NO;
				CLANG_ANALYZER_NONNULL = YES;
				CLANG_ANALYZER_NUMBER_OBJECT_CONVERSION = YES_AGGRESSIVE;
				CLANG_CXX_LANGUAGE_STANDARD = "gnu++14";
				CLANG_CXX_LIBRARY = "libc++";
				CLANG_ENABLE_MODULES = YES;
				CLANG_ENABLE_OBJC_ARC = YES;
				CLANG_ENABLE_OBJC_WEAK = YES;
				CLANG_WARN_BLOCK_CAPTURE_AUTORELEASING = YES;
				CLANG_WARN_BOOL_CONVERSION = YES;
				CLANG_WARN_COMMA = YES;
				CLANG_WARN_CONSTANT_CONVERSION = YES;
				CLANG_WARN_DEPRECATED_OBJC_IMPLEMENTATIONS = YES;
				CLANG_WARN_DIRECT_OBJC_ISA_USAGE = YES_ERROR;
				CLANG_WARN_DOCUMENTATION_COMMENTS = YES;
				CLANG_WARN_EMPTY_BODY = YES;
				CLANG_WARN_ENUM_CONVERSION = YES;
				CLANG_WARN_INFINITE_RECURSION = YES;
				CLANG_WARN_INT_CONVERSION = YES;
				CLANG_WARN_NON_LITERAL_NULL_CONVERSION = YES;
				CLANG_WARN_OBJC_IMPLICIT_RETAIN_SELF = YES;
				CLANG_WARN_OBJC_LITERAL_CONVERSION = YES;
				CLANG_WARN_OBJC_ROOT_CLASS = YES_ERROR;
				CLANG_WARN_RANGE_LOOP_ANALYSIS = YES;
				CLANG_WARN_STRICT_PROTOTYPES = YES;
				CLANG_WARN_SUSPICIOUS_MOVE = YES;
				CLANG_WARN_UNGUARDED_AVAILABILITY = YES_AGGRESSIVE;
				CLANG_WARN_UNREACHABLE_CODE = YES;
				CLANG_WARN__DUPLICATE_METHOD_MATCH = YES;
				CODE_SIGN_IDENTITY = "-";
				COPY_PHASE_STRIP = NO;
				DEBUG_INFORMATION_FORMAT = dwarf;
				ENABLE_STRICT_OBJC_MSGSEND = YES;
				ENABLE_TESTABILITY = YES;
				GCC_C_LANGUAGE_STANDARD = gnu11;
				GCC_DYNAMIC_NO_PIC = NO;
				GCC_NO_COMMON_BLOCKS = YES;
				GCC_OPTIMIZATION_LEVEL = 0;
				GCC_PREPROCESSOR_DEFINITIONS = (
					"DEBUG=1",
					"$(inherited)",
				);
				GCC_WARN_64_TO_32_BIT_CONVERSION = YES;
				GCC_WARN_ABOUT_RETURN_TYPE = YES_ERROR;
				GCC_WARN_UNDECLARED_SELECTOR = YES;
				GCC_WARN_UNINITIALIZED_AUTOS = YES_AGGRESSIVE;
				GCC_WARN_UNUSED_FUNCTION = YES;
				GCC_WARN_UNUSED_VARIABLE = YES;
				MACOSX_DEPLOYMENT_TARGET = 10.14;
				MTL_ENABLE_DEBUG_INFO = INCLUDE_SOURCE;
				MTL_FAST_MATH = YES;
				ONLY_ACTIVE_ARCH = YES;
				SDKROOT = macosx;
				SWIFT_ACTIVE_COMPILATION_CONDITIONS = DEBUG;
				SWIFT_OPTIMIZATION_LEVEL = "-Onone";
			};
			name = Debug;
		};
		9FAD1C4C2205F9BD0059028E /* Release */ = {
			isa = XCBuildConfiguration;
			buildSettings = {
				ALWAYS_SEARCH_USER_PATHS = NO;
				CLANG_ANALYZER_NONNULL = YES;
				CLANG_ANALYZER_NUMBER_OBJECT_CONVERSION = YES_AGGRESSIVE;
				CLANG_CXX_LANGUAGE_STANDARD = "gnu++14";
				CLANG_CXX_LIBRARY = "libc++";
				CLANG_ENABLE_MODULES = YES;
				CLANG_ENABLE_OBJC_ARC = YES;
				CLANG_ENABLE_OBJC_WEAK = YES;
				CLANG_WARN_BLOCK_CAPTURE_AUTORELEASING = YES;
				CLANG_WARN_BOOL_CONVERSION = YES;
				CLANG_WARN_COMMA = YES;
				CLANG_WARN_CONSTANT_CONVERSION = YES;
				CLANG_WARN_DEPRECATED_OBJC_IMPLEMENTATIONS = YES;
				CLANG_WARN_DIRECT_OBJC_ISA_USAGE = YES_ERROR;
				CLANG_WARN_DOCUMENTATION_COMMENTS = YES;
				CLANG_WARN_EMPTY_BODY = YES;
				CLANG_WARN_ENUM_CONVERSION = YES;
				CLANG_WARN_INFINITE_RECURSION = YES;
				CLANG_WARN_INT_CONVERSION = YES;
				CLANG_WARN_NON_LITERAL_NULL_CONVERSION = YES;
				CLANG_WARN_OBJC_IMPLICIT_RETAIN_SELF = YES;
				CLANG_WARN_OBJC_LITERAL_CONVERSION = YES;
				CLANG_WARN_OBJC_ROOT_CLASS = YES_ERROR;
				CLANG_WARN_RANGE_LOOP_ANALYSIS = YES;
				CLANG_WARN_STRICT_PROTOTYPES = YES;
				CLANG_WARN_SUSPICIOUS_MOVE = YES;
				CLANG_WARN_UNGUARDED_AVAILABILITY = YES_AGGRESSIVE;
				CLANG_WARN_UNREACHABLE_CODE = YES;
				CLANG_WARN__DUPLICATE_METHOD_MATCH = YES;
				CODE_SIGN_IDENTITY = "-";
				COPY_PHASE_STRIP = NO;
				DEBUG_INFORMATION_FORMAT = "dwarf-with-dsym";
				ENABLE_NS_ASSERTIONS = NO;
				ENABLE_STRICT_OBJC_MSGSEND = YES;
				GCC_C_LANGUAGE_STANDARD = gnu11;
				GCC_NO_COMMON_BLOCKS = YES;
				GCC_WARN_64_TO_32_BIT_CONVERSION = YES;
				GCC_WARN_ABOUT_RETURN_TYPE = YES_ERROR;
				GCC_WARN_UNDECLARED_SELECTOR = YES;
				GCC_WARN_UNINITIALIZED_AUTOS = YES_AGGRESSIVE;
				GCC_WARN_UNUSED_FUNCTION = YES;
				GCC_WARN_UNUSED_VARIABLE = YES;
				MACOSX_DEPLOYMENT_TARGET = 10.14;
				MTL_ENABLE_DEBUG_INFO = NO;
				MTL_FAST_MATH = YES;
				SDKROOT = macosx;
				SWIFT_COMPILATION_MODE = wholemodule;
				SWIFT_OPTIMIZATION_LEVEL = "-O";
			};
			name = Release;
		};
		9FAD1C4E2205F9BD0059028E /* Debug */ = {
			isa = XCBuildConfiguration;
			buildSettings = {
				CODE_SIGN_STYLE = Automatic;
				PRODUCT_NAME = "$(TARGET_NAME)";
				SWIFT_VERSION = 4.2;
			};
			name = Debug;
		};
		9FAD1C4F2205F9BD0059028E /* Release */ = {
			isa = XCBuildConfiguration;
			buildSettings = {
				CODE_SIGN_STYLE = Automatic;
				PRODUCT_NAME = "$(TARGET_NAME)";
				SWIFT_VERSION = 4.2;
			};
			name = Release;
		};
/* End XCBuildConfiguration section */

/* Begin XCConfigurationList section */
		9FAD1C412205F9BC0059028E /* Build configuration list for PBXProject "mandelbrot render" */ = {
			isa = XCConfigurationList;
			buildConfigurations = (
				9FAD1C4B2205F9BD0059028E /* Debug */,
				9FAD1C4C2205F9BD0059028E /* Release */,
			);
			defaultConfigurationIsVisible = 0;
			defaultConfigurationName = Release;
		};
		9FAD1C4D2205F9BD0059028E /* Build configuration list for PBXNativeTarget "mandelbrot render" */ = {
			isa = XCConfigurationList;
			buildConfigurations = (
				9FAD1C4E2205F9BD0059028E /* Debug */,
				9FAD1C4F2205F9BD0059028E /* Release */,
			);
			defaultConfigurationIsVisible = 0;
			defaultConfigurationName = Release;
		};
/* End XCConfigurationList section */

/* Begin XCRemoteSwiftPackageReference section */
		9F600FB52338136A00228C2A /* XCRemoteSwiftPackageReference "complex" */ = {
			isa = XCRemoteSwiftPackageReference;
			repositoryURL = "https://github.com/thegail/complex.git";
			requirement = {
				branch = master;
				kind = branch;
			};
		};
/* End XCRemoteSwiftPackageReference section */

/* Begin XCSwiftPackageProductDependency section */
		9F600FB62338136A00228C2A /* complex */ = {
			isa = XCSwiftPackageProductDependency;
			package = 9F600FB52338136A00228C2A /* XCRemoteSwiftPackageReference "complex" */;
			productName = complex;
		};
/* End XCSwiftPackageProductDependency section */
	};
	rootObject = 9FAD1C3E2205F9BC0059028E /* Project object */;
}
